PODS:
  - AMap3DMap-NO-IDFA (5.5.0):
    - AMapFoundation-NO-IDFA (~> 1.3)
  - AMapFoundation-NO-IDFA (1.4.2)
  - AMapLocation-NO-IDFA (2.5.0):
    - AMapFoundation-NO-IDFA (~> 1.4)
  - AMapSearch-NO-IDFA (5.5.0):
    - AMapFoundation-NO-IDFA (~> 1.4)
  - Masonry (1.1.0)

DEPENDENCIES:
  - AMap3DMap-NO-IDFA
  - AMapLocation-NO-IDFA
  - AMapSearch-NO-IDFA
  - Masonry (~> 1.1.0)

SPEC REPOS:
  https://github.com/CocoaPods/Specs.git:
    - AMap3DMap-NO-IDFA
    - AMapFoundation-NO-IDFA
    - AMapLocation-NO-IDFA
    - AMapSearch-NO-IDFA
    - Masonry

SPEC CHECKSUMS:
  AMap3DMap-NO-IDFA: 82a5cd2f84b22dbdc2cd7b87ab09d35337da8e52
  AMapFoundation-NO-IDFA: 3b9ce87abc6a37c718cc320687469d0b74d5c953
  AMapLocation-NO-IDFA: be669085a8cc0d22820022fc61d58811d24b4e3a
  AMapSearch-NO-IDFA: 028a238a14fcb5f1ceda776a996f0af8f22757c4
  Masonry: 678fab65091a9290e40e2832a55e7ab731aad201

PODFILE CHECKSUM: d2185a9a284d7e740222c08f800a3b306d2c5c78

COCOAPODS: 1.5.0
